
Microsoft Visual Studio Solution File, Format Version 12.00
# Visual Studio Version 17
VisualStudioVersion = 17.6.33723.286
MinimumVisualStudioVersion = 10.0.40219.1
Project("{FAE04EC0-301F-11D3-BF4B-00C04F79EFBC}") = "DerailSocket", "DerailSocket\DerailSocket.csproj", "{6C34A33D-0751-44DC-B5DF-CBEA9411F79B}"
EndProject
Global
	GlobalSection(SolutionConfigurationPlatforms) = preSolution
		Debug|Any CPU = Debug|Any CPU
		Release|Any CPU = Release|Any CPU
	EndGlobalSection
	GlobalSection(ProjectConfigurationPlatforms) = postSolution
		{6C34A33D-0751-44DC-B5DF-CBEA9411F79B}.Debug|Any CPU.ActiveCfg = Debug|Any CPU
		{6C34A33D-0751-44DC-B5DF-CBEA9411F79B}.Debug|Any CPU.Build.0 = Debug|Any CPU
		{6C34A33D-0751-44DC-B5DF-CBEA9411F79B}.Release|Any CPU.ActiveCfg = Release|Any CPU
		{6C34A33D-0751-44DC-B5DF-CBEA9411F79B}.Release|Any CPU.Build.0 = Release|Any CPU
	EndGlobalSection
	GlobalSection(SolutionProperties) = preSolution
		HideSolutionNode = FALSE
	EndGlobalSection
	GlobalSection(ExtensibilityGlobals) = postSolution
		SolutionGuid = {DAE834BC-EFEE-45DC-8357-0FC3CC9910B7}
	EndGlobalSection
EndGlobal
